
Microsoft Visual Studio Solution File, Format Version 12.00
# Visual Studio Version 17
VisualStudioVersion = 17.3.32929.385
MinimumVisualStudioVersion = 10.0.40219.1
Project("{FAE04EC0-301F-11D3-BF4B-00C04F79EFBC}") = "WindowsFormsApp1", "WindowsFormsApp1\WindowsFormsApp1.csproj", "{46CDE27A-4B71-468D-9CD5-883BB2FC02E6}"
EndProject
Global
	GlobalSection(SolutionConfigurationPlatforms) = preSolution
		Debug|Any CPU = Debug|Any CPU
		Release|Any CPU = Release|Any CPU
	EndGlobalSection
	GlobalSection(ProjectConfigurationPlatforms) = postSolution
		{46CDE27A-4B71-468D-9CD5-883BB2FC02E6}.Debug|Any CPU.ActiveCfg = Debug|Any CPU
		{46CDE27A-4B71-468D-9CD5-883BB2FC02E6}.Debug|Any CPU.Build.0 = Debug|Any CPU
		{46CDE27A-4B71-468D-9CD5-883BB2FC02E6}.Release|Any CPU.ActiveCfg = Release|Any CPU
		{46CDE27A-4B71-468D-9CD5-883BB2FC02E6}.Release|Any CPU.Build.0 = Release|Any CPU
	EndGlobalSection
	GlobalSection(SolutionProperties) = preSolution
		HideSolutionNode = FALSE
	EndGlobalSection
	GlobalSection(ExtensibilityGlobals) = postSolution
		SolutionGuid = {90FD3EF3-EC0B-448E-906B-799E8E064C16}
	EndGlobalSection
EndGlobal
